<?xml version="1.0" encoding="utf-8"?>
<Project ToolsVersion="4.0" xmlns="http://schemas.microsoft.com/developer/msbuild/2003">
  <ItemGroup>
    <ClCompile Include="RenderTerrain.cpp" />
    <ClCompile Include="..\..\math\matrix44.cpp">
      <Filter>math</Filter>
    </ClCompile>
    <ClCompile Include="..\..\math\quaternion.cpp">
      <Filter>math</Filter>
    </ClCompile>
    <ClCompile Include="..\..\math\vector3.cpp">
      <Filter>math</Filter>
    </ClCompile>
    <ClCompile Include="..\..\math\vector4.cpp">
      <Filter>math</Filter>
    </ClCompile>
    <ClCompile Include="..\..\base\DxInit.cpp">
      <Filter>base</Filter>
    </ClCompile>
    <ClCompile Include="..\..\base\indexbuffer.cpp">
      <Filter>base</Filter>
    </ClCompile>
    <ClCompile Include="..\..\base\light.cpp">
      <Filter>base</Filter>
    </ClCompile>
    <ClCompile Include="..\..\base\material.cpp">
      <Filter>base</Filter>
    </ClCompile>
    <ClCompile Include="..\..\base\texture.cpp">
      <Filter>base</Filter>
    </ClCompile>
    <ClCompile Include="..\..\base\vertexbuffer.cpp">
      <Filter>base</Filter>
    </ClCompile>
  </ItemGroup>
  <ItemGroup>
    <Filter Include="math">
      <UniqueIdentifier>{2da12b03-f939-4b61-949c-ebfc6d2a89cc}</UniqueIdentifier>
    </Filter>
    <Filter Include="base">
      <UniqueIdentifier>{2402304e-5e68-483f-9e70-11508d7b94dc}</UniqueIdentifier>
    </Filter>
  </ItemGroup>
  <ItemGroup>
    <ClInclude Include="..\..\math\Math.h">
      <Filter>math</Filter>
    </ClInclude>
    <ClInclude Include="..\..\math\matrix44.h">
      <Filter>math</Filter>
    </ClInclude>
    <ClInclude Include="..\..\math\quaternion.h">
      <Filter>math</Filter>
    </ClInclude>
    <ClInclude Include="..\..\math\vector3.h">
      <Filter>math</Filter>
    </ClInclude>
    <ClInclude Include="..\..\math\vector4.h">
      <Filter>math</Filter>
    </ClInclude>
    <ClInclude Include="..\..\base\material.h">
      <Filter>base</Filter>
    </ClInclude>
    <ClInclude Include="..\..\base\DxInit.h">
      <Filter>base</Filter>
    </ClInclude>
    <ClInclude Include="..\..\base\indexbuffer.h">
      <Filter>base</Filter>
    </ClInclude>
    <ClInclude Include="..\..\base\light.h">
      <Filter>base</Filter>
    </ClInclude>
    <ClInclude Include="..\..\base\texture.h">
      <Filter>base</Filter>
    </ClInclude>
    <ClInclude Include="..\..\base\vertexformat.h">
      <Filter>base</Filter>
    </ClInclude>
    <ClInclude Include="..\..\base\vertexbuffer.h">
      <Filter>base</Filter>
    </ClInclude>
    <ClInclude Include="..\..\base\base.h">
      <Filter>base</Filter>
    </ClInclude>
  </ItemGroup>
</Project>