
Microsoft Visual Studio Solution File, Format Version 11.00
# Visual Studio 2010
Project("{8BC9CEB8-8B4A-11D0-8D11-00A0C91BC942}") = "ShaderPhongTexture", "ShaderPhongTexture\ShaderPhongTexture.vcxproj", "{CBE851CC-59C7-4C8E-8D0E-A96EF4B26325}"
EndProject
Global
	GlobalSection(SolutionConfigurationPlatforms) = preSolution
		Debug|Win32 = Debug|Win32
		Release|Win32 = Release|Win32
	EndGlobalSection
	GlobalSection(ProjectConfigurationPlatforms) = postSolution
		{CBE851CC-59C7-4C8E-8D0E-A96EF4B26325}.Debug|Win32.ActiveCfg = Debug|Win32
		{CBE851CC-59C7-4C8E-8D0E-A96EF4B26325}.Debug|Win32.Build.0 = Debug|Win32
		{CBE851CC-59C7-4C8E-8D0E-A96EF4B26325}.Release|Win32.ActiveCfg = Release|Win32
		{CBE851CC-59C7-4C8E-8D0E-A96EF4B26325}.Release|Win32.Build.0 = Release|Win32
	EndGlobalSection
	GlobalSection(SolutionProperties) = preSolution
		HideSolutionNode = FALSE
	EndGlobalSection
EndGlobal
