
Microsoft Visual Studio Solution File, Format Version 11.00
# Visual Studio 2010
Project("{8BC9CEB8-8B4A-11D0-8D11-00A0C91BC942}") = "MatrixCalc", "MatrixCalc\MatrixCalc.vcxproj", "{C7804807-F922-47DB-8B07-BB2A1908BD16}"
EndProject
Global
	GlobalSection(SolutionConfigurationPlatforms) = preSolution
		Debug|Win32 = Debug|Win32
		Release|Win32 = Release|Win32
	EndGlobalSection
	GlobalSection(ProjectConfigurationPlatforms) = postSolution
		{C7804807-F922-47DB-8B07-BB2A1908BD16}.Debug|Win32.ActiveCfg = Debug|Win32
		{C7804807-F922-47DB-8B07-BB2A1908BD16}.Debug|Win32.Build.0 = Debug|Win32
		{C7804807-F922-47DB-8B07-BB2A1908BD16}.Release|Win32.ActiveCfg = Release|Win32
		{C7804807-F922-47DB-8B07-BB2A1908BD16}.Release|Win32.Build.0 = Release|Win32
	EndGlobalSection
	GlobalSection(SolutionProperties) = preSolution
		HideSolutionNode = FALSE
	EndGlobalSection
EndGlobal
