<?xml version="1.0" encoding="utf-8"?>
<Project ToolsVersion="4.0" xmlns="http://schemas.microsoft.com/developer/msbuild/2003">
  <ItemGroup>
    <ClCompile Include="RenderMeshes.cpp" />
    <ClCompile Include="..\math\matrix44.cpp">
      <Filter>math</Filter>
    </ClCompile>
    <ClCompile Include="..\math\vector3.cpp">
      <Filter>math</Filter>
    </ClCompile>
    <ClCompile Include="..\math\vector4.cpp">
      <Filter>math</Filter>
    </ClCompile>
    <ClCompile Include="..\math\quaternion.cpp">
      <Filter>math</Filter>
    </ClCompile>
  </ItemGroup>
  <ItemGroup>
    <Filter Include="math">
      <UniqueIdentifier>{5fcb1a3c-a6bd-4adb-89a4-29dffb85fb1d}</UniqueIdentifier>
    </Filter>
  </ItemGroup>
  <ItemGroup>
    <ClInclude Include="..\math\Math.h">
      <Filter>math</Filter>
    </ClInclude>
    <ClInclude Include="..\math\matrix44.h">
      <Filter>math</Filter>
    </ClInclude>
    <ClInclude Include="..\math\vector3.h">
      <Filter>math</Filter>
    </ClInclude>
    <ClInclude Include="..\math\vector4.h">
      <Filter>math</Filter>
    </ClInclude>
    <ClInclude Include="..\math\quaternion.h">
      <Filter>math</Filter>
    </ClInclude>
  </ItemGroup>
</Project>