<?xml version="1.0" encoding="utf-8"?>
<Project ToolsVersion="4.0" xmlns="http://schemas.microsoft.com/developer/msbuild/2003">
  <ItemGroup>
    <ClCompile Include="RenderTexture.cpp" />
    <ClCompile Include="..\math\matrix44.cpp">
      <Filter>math</Filter>
    </ClCompile>
    <ClCompile Include="..\math\vector3.cpp">
      <Filter>math</Filter>
    </ClCompile>
    <ClCompile Include="..\math\vector4.cpp">
      <Filter>math</Filter>
    </ClCompile>
  </ItemGroup>
  <ItemGroup>
    <Filter Include="math">
      <UniqueIdentifier>{5542fcb1-f02e-4791-93fb-ab6ae23ce053}</UniqueIdentifier>
    </Filter>
  </ItemGroup>
  <ItemGroup>
    <ClInclude Include="..\math\Math.h">
      <Filter>math</Filter>
    </ClInclude>
    <ClInclude Include="..\math\matrix44.h">
      <Filter>math</Filter>
    </ClInclude>
    <ClInclude Include="..\math\vector3.h">
      <Filter>math</Filter>
    </ClInclude>
    <ClInclude Include="..\math\vector4.h">
      <Filter>math</Filter>
    </ClInclude>
  </ItemGroup>
</Project>