
Microsoft Visual Studio Solution File, Format Version 11.00
# Visual Studio 2010
Project("{8BC9CEB8-8B4A-11D0-8D11-00A0C91BC942}") = "2DRenderer", "2DRenderer\2DRenderer.vcxproj", "{E0ABBCD6-22E6-47E7-BE6B-BF147D3B91AF}"
EndProject
Global
	GlobalSection(SolutionConfigurationPlatforms) = preSolution
		Debug|Win32 = Debug|Win32
		Release|Win32 = Release|Win32
	EndGlobalSection
	GlobalSection(ProjectConfigurationPlatforms) = postSolution
		{E0ABBCD6-22E6-47E7-BE6B-BF147D3B91AF}.Debug|Win32.ActiveCfg = Debug|Win32
		{E0ABBCD6-22E6-47E7-BE6B-BF147D3B91AF}.Debug|Win32.Build.0 = Debug|Win32
		{E0ABBCD6-22E6-47E7-BE6B-BF147D3B91AF}.Release|Win32.ActiveCfg = Release|Win32
		{E0ABBCD6-22E6-47E7-BE6B-BF147D3B91AF}.Release|Win32.Build.0 = Release|Win32
	EndGlobalSection
	GlobalSection(SolutionProperties) = preSolution
		HideSolutionNode = FALSE
	EndGlobalSection
EndGlobal
