
Microsoft Visual Studio Solution File, Format Version 10.00
# Visual Studio 2008
Project("{8BC9CEB8-8B4A-11D0-8D11-00A0C91BC942}") = "2DRenderer", "2DRenderer\2DRenderer.vcproj", "{95570A16-D2C1-46D3-A509-4FC15E5348D2}"
EndProject
Global
	GlobalSection(SolutionConfigurationPlatforms) = preSolution
		Debug|Win32 = Debug|Win32
		Release|Win32 = Release|Win32
	EndGlobalSection
	GlobalSection(ProjectConfigurationPlatforms) = postSolution
		{95570A16-D2C1-46D3-A509-4FC15E5348D2}.Debug|Win32.ActiveCfg = Debug|Win32
		{95570A16-D2C1-46D3-A509-4FC15E5348D2}.Debug|Win32.Build.0 = Debug|Win32
		{95570A16-D2C1-46D3-A509-4FC15E5348D2}.Release|Win32.ActiveCfg = Release|Win32
		{95570A16-D2C1-46D3-A509-4FC15E5348D2}.Release|Win32.Build.0 = Release|Win32
	EndGlobalSection
	GlobalSection(SolutionProperties) = preSolution
		HideSolutionNode = FALSE
	EndGlobalSection
EndGlobal
