
Microsoft Visual Studio Solution File, Format Version 11.00
# Visual Studio 2010
Project("{8BC9CEB8-8B4A-11D0-8D11-00A0C91BC942}") = "InitDx2", "InitDx2\InitDx2.vcxproj", "{C39E94A0-8FDB-440E-9A6D-7344F86A9C5A}"
EndProject
Global
	GlobalSection(SolutionConfigurationPlatforms) = preSolution
		Debug|Win32 = Debug|Win32
		Release|Win32 = Release|Win32
	EndGlobalSection
	GlobalSection(ProjectConfigurationPlatforms) = postSolution
		{C39E94A0-8FDB-440E-9A6D-7344F86A9C5A}.Debug|Win32.ActiveCfg = Debug|Win32
		{C39E94A0-8FDB-440E-9A6D-7344F86A9C5A}.Debug|Win32.Build.0 = Debug|Win32
		{C39E94A0-8FDB-440E-9A6D-7344F86A9C5A}.Release|Win32.ActiveCfg = Release|Win32
		{C39E94A0-8FDB-440E-9A6D-7344F86A9C5A}.Release|Win32.Build.0 = Release|Win32
	EndGlobalSection
	GlobalSection(SolutionProperties) = preSolution
		HideSolutionNode = FALSE
	EndGlobalSection
EndGlobal
