<?xml version="1.0" encoding="utf-8"?>
<Project ToolsVersion="4.0" xmlns="http://schemas.microsoft.com/developer/msbuild/2003">
  <ItemGroup>
    <ClCompile Include="PenguinJourney.cpp" />
    <ClCompile Include="math\matrix44.cpp">
      <Filter>math</Filter>
    </ClCompile>
    <ClCompile Include="math\vector3.cpp">
      <Filter>math</Filter>
    </ClCompile>
    <ClCompile Include="math\vector4.cpp">
      <Filter>math</Filter>
    </ClCompile>
    <ClCompile Include="DrawTriangle.cpp" />
  </ItemGroup>
  <ItemGroup>
    <Filter Include="math">
      <UniqueIdentifier>{f74bb2ce-7413-49d5-bc28-d0b2b473ad93}</UniqueIdentifier>
    </Filter>
  </ItemGroup>
  <ItemGroup>
    <ClInclude Include="math\Math.h">
      <Filter>math</Filter>
    </ClInclude>
    <ClInclude Include="math\matrix44.h">
      <Filter>math</Filter>
    </ClInclude>
    <ClInclude Include="math\vector3.h">
      <Filter>math</Filter>
    </ClInclude>
    <ClInclude Include="math\vector4.h">
      <Filter>math</Filter>
    </ClInclude>
    <ClInclude Include="DrawTriangle.h" />
  </ItemGroup>
</Project>