
Microsoft Visual Studio Solution File, Format Version 10.00
# Visual Studio 2008
Project("{8BC9CEB8-8B4A-11D0-8D11-00A0C91BC942}") = "RenderColor", "RenderColor\RenderColor.vcproj", "{7F71D091-2F3E-4A15-8F87-87F9EAF5793B}"
EndProject
Global
	GlobalSection(SolutionConfigurationPlatforms) = preSolution
		Debug|Win32 = Debug|Win32
		Release|Win32 = Release|Win32
	EndGlobalSection
	GlobalSection(ProjectConfigurationPlatforms) = postSolution
		{7F71D091-2F3E-4A15-8F87-87F9EAF5793B}.Debug|Win32.ActiveCfg = Debug|Win32
		{7F71D091-2F3E-4A15-8F87-87F9EAF5793B}.Debug|Win32.Build.0 = Debug|Win32
		{7F71D091-2F3E-4A15-8F87-87F9EAF5793B}.Release|Win32.ActiveCfg = Release|Win32
		{7F71D091-2F3E-4A15-8F87-87F9EAF5793B}.Release|Win32.Build.0 = Release|Win32
	EndGlobalSection
	GlobalSection(SolutionProperties) = preSolution
		HideSolutionNode = FALSE
	EndGlobalSection
EndGlobal
